
Microsoft Visual Studio Solution File, Format Version 10.00
# Visual Studio 2008
Project("{FAE04EC0-301F-11D3-BF4B-00C04F79EFBC}") = "DataProviders", "DataProviders.csproj", "{F5E64670-FBCB-4CE3-8522-3159E08CCD19}"
EndProject
Global
	GlobalSection(SolutionConfigurationPlatforms) = preSolution
		Debug|Any CPU = Debug|Any CPU
		Release|Any CPU = Release|Any CPU
	EndGlobalSection
	GlobalSection(ProjectConfigurationPlatforms) = postSolution
		{F5E64670-FBCB-4CE3-8522-3159E08CCD19}.Debug|Any CPU.ActiveCfg = Debug|Any CPU
		{F5E64670-FBCB-4CE3-8522-3159E08CCD19}.Debug|Any CPU.Build.0 = Debug|Any CPU
		{F5E64670-FBCB-4CE3-8522-3159E08CCD19}.Release|Any CPU.ActiveCfg = Release|Any CPU
		{F5E64670-FBCB-4CE3-8522-3159E08CCD19}.Release|Any CPU.Build.0 = Release|Any CPU
	EndGlobalSection
	GlobalSection(SolutionProperties) = preSolution
		HideSolutionNode = FALSE
	EndGlobalSection
EndGlobal
