
Microsoft Visual Studio Solution File, Format Version 12.00
# Visual Studio 14
VisualStudioVersion = 14.0.24720.0
MinimumVisualStudioVersion = 10.0.40219.1
Project("{FAE04EC0-301F-11D3-BF4B-00C04F79EFBC}") = "MessageCreator", "MessageCreator\MessageCreator.csproj", "{DA0F2499-6AA3-49EE-AEA9-DB7FFFAA0E48}"
EndProject
Project("{FAE04EC0-301F-11D3-BF4B-00C04F79EFBC}") = "MessageConsumer", "MessageConsumer\MessageConsumer.csproj", "{E2459DEB-A4D4-4958-B418-66E530B3C8C9}"
EndProject
Global
	GlobalSection(SolutionConfigurationPlatforms) = preSolution
		Debug|Any CPU = Debug|Any CPU
		Release|Any CPU = Release|Any CPU
	EndGlobalSection
	GlobalSection(ProjectConfigurationPlatforms) = postSolution
		{DA0F2499-6AA3-49EE-AEA9-DB7FFFAA0E48}.Debug|Any CPU.ActiveCfg = Debug|Any CPU
		{DA0F2499-6AA3-49EE-AEA9-DB7FFFAA0E48}.Debug|Any CPU.Build.0 = Debug|Any CPU
		{DA0F2499-6AA3-49EE-AEA9-DB7FFFAA0E48}.Release|Any CPU.ActiveCfg = Release|Any CPU
		{DA0F2499-6AA3-49EE-AEA9-DB7FFFAA0E48}.Release|Any CPU.Build.0 = Release|Any CPU
		{E2459DEB-A4D4-4958-B418-66E530B3C8C9}.Debug|Any CPU.ActiveCfg = Debug|Any CPU
		{E2459DEB-A4D4-4958-B418-66E530B3C8C9}.Debug|Any CPU.Build.0 = Debug|Any CPU
		{E2459DEB-A4D4-4958-B418-66E530B3C8C9}.Release|Any CPU.ActiveCfg = Release|Any CPU
		{E2459DEB-A4D4-4958-B418-66E530B3C8C9}.Release|Any CPU.Build.0 = Release|Any CPU
	EndGlobalSection
	GlobalSection(SolutionProperties) = preSolution
		HideSolutionNode = FALSE
	EndGlobalSection
EndGlobal
