
Microsoft Visual Studio Solution File, Format Version 10.00
# Visual Studio 2008
Project("{FAE04EC0-301F-11D3-BF4B-00C04F79EFBC}") = "WCFPracticeApp", "WCFPracticeApp\WCFPracticeApp.csproj", "{3A045092-D7C5-4736-914A-FB31E07101D9}"
EndProject
Global
	GlobalSection(SolutionConfigurationPlatforms) = preSolution
		Debug|Any CPU = Debug|Any CPU
		Release|Any CPU = Release|Any CPU
	EndGlobalSection
	GlobalSection(ProjectConfigurationPlatforms) = postSolution
		{3A045092-D7C5-4736-914A-FB31E07101D9}.Debug|Any CPU.ActiveCfg = Debug|Any CPU
		{3A045092-D7C5-4736-914A-FB31E07101D9}.Debug|Any CPU.Build.0 = Debug|Any CPU
		{3A045092-D7C5-4736-914A-FB31E07101D9}.Release|Any CPU.ActiveCfg = Release|Any CPU
		{3A045092-D7C5-4736-914A-FB31E07101D9}.Release|Any CPU.Build.0 = Release|Any CPU
	EndGlobalSection
	GlobalSection(SolutionProperties) = preSolution
		HideSolutionNode = FALSE
	EndGlobalSection
EndGlobal
