
Microsoft Visual Studio Solution File, Format Version 12.00
# Visual Studio 14
VisualStudioVersion = 14.0.25420.1
MinimumVisualStudioVersion = 10.0.40219.1
Project("{FAE04EC0-301F-11D3-BF4B-00C04F79EFBC}") = "MessageBoard", "MessageBoard\MessageBoard.csproj", "{AB06E5B3-6232-4CA0-82DD-FA200597B8E5}"
EndProject
Project("{FAE04EC0-301F-11D3-BF4B-00C04F79EFBC}") = "MessageBoard.Tests", "MessageBoard.Tests\MessageBoard.Tests.csproj", "{3EBABDC0-3B63-4066-AE11-C0D6B82AFFFF}"
EndProject
Global
	GlobalSection(SolutionConfigurationPlatforms) = preSolution
		Debug|Any CPU = Debug|Any CPU
		Release|Any CPU = Release|Any CPU
	EndGlobalSection
	GlobalSection(ProjectConfigurationPlatforms) = postSolution
		{AB06E5B3-6232-4CA0-82DD-FA200597B8E5}.Debug|Any CPU.ActiveCfg = Debug|Any CPU
		{AB06E5B3-6232-4CA0-82DD-FA200597B8E5}.Debug|Any CPU.Build.0 = Debug|Any CPU
		{AB06E5B3-6232-4CA0-82DD-FA200597B8E5}.Release|Any CPU.ActiveCfg = Release|Any CPU
		{AB06E5B3-6232-4CA0-82DD-FA200597B8E5}.Release|Any CPU.Build.0 = Release|Any CPU
		{3EBABDC0-3B63-4066-AE11-C0D6B82AFFFF}.Debug|Any CPU.ActiveCfg = Debug|Any CPU
		{3EBABDC0-3B63-4066-AE11-C0D6B82AFFFF}.Debug|Any CPU.Build.0 = Debug|Any CPU
		{3EBABDC0-3B63-4066-AE11-C0D6B82AFFFF}.Release|Any CPU.ActiveCfg = Release|Any CPU
		{3EBABDC0-3B63-4066-AE11-C0D6B82AFFFF}.Release|Any CPU.Build.0 = Release|Any CPU
	EndGlobalSection
	GlobalSection(SolutionProperties) = preSolution
		HideSolutionNode = FALSE
	EndGlobalSection
EndGlobal
